
Microsoft Visual Studio Solution File, Format Version 12.00
# Visual Studio Version 17
VisualStudioVersion = 17.14.36327.8 d17.14
MinimumVisualStudioVersion = 10.0.40219.1
Project("{FAE04EC0-301F-11D3-BF4B-00C04F79EFBC}") = "EagleBank", "EagleBank\EagleBank.csproj", "{1AC4FD85-460B-4D13-BCC6-115147287F1E}"
EndProject
Global
	GlobalSection(SolutionConfigurationPlatforms) = preSolution
		Debug|Any CPU = Debug|Any CPU
		Release|Any CPU = Release|Any CPU
	EndGlobalSection
	GlobalSection(ProjectConfigurationPlatforms) = postSolution
		{1AC4FD85-460B-4D13-BCC6-115147287F1E}.Debug|Any CPU.ActiveCfg = Debug|Any CPU
		{1AC4FD85-460B-4D13-BCC6-115147287F1E}.Debug|Any CPU.Build.0 = Debug|Any CPU
		{1AC4FD85-460B-4D13-BCC6-115147287F1E}.Release|Any CPU.ActiveCfg = Release|Any CPU
		{1AC4FD85-460B-4D13-BCC6-115147287F1E}.Release|Any CPU.Build.0 = Release|Any CPU
	EndGlobalSection
	GlobalSection(SolutionProperties) = preSolution
		HideSolutionNode = FALSE
	EndGlobalSection
	GlobalSection(ExtensibilityGlobals) = postSolution
		SolutionGuid = {378B0A9D-97BB-4767-92EE-08D69D86C7CB}
	EndGlobalSection
EndGlobal
